// !$*UTF8*$!
{
	archiveVersion = 1;
	classes = {
	};
	objectVersion = 50;
	objects = {

/* Begin PBXBuildFile section */
		2529596F2640BAF60035E5C4 /* AppDelegate.swift in Sources */ = {isa = PBXBuildFile; fileRef = 2529596E2640BAF60035E5C4 /* AppDelegate.swift */; };
		252959712640BAF60035E5C4 /* SceneDelegate.swift in Sources */ = {isa = PBXBuildFile; fileRef = 252959702640BAF60035E5C4 /* SceneDelegate.swift */; };
		252959732640BAF60035E5C4 /* ViewController.swift in Sources */ = {isa = PBXBuildFile; fileRef = 252959722640BAF60035E5C4 /* ViewController.swift */; };
		252959762640BAF60035E5C4 /* Main.storyboard in Resources */ = {isa = PBXBuildFile; fileRef = 252959742640BAF60035E5C4 /* Main.storyboard */; };
		252959782640BAF70035E5C4 /* Assets.xcassets in Resources */ = {isa = PBXBuildFile; fileRef = 252959772640BAF70035E5C4 /* Assets.xcassets */; };
		2529597B2640BAF70035E5C4 /* LaunchScreen.storyboard in Resources */ = {isa = PBXBuildFile; fileRef = 252959792640BAF70035E5C4 /* LaunchScreen.storyboard */; };
		D7381613DE65D2DED675F306 /* Pods_ParentingPlanCalendar.framework in Frameworks */ = {isa = PBXBuildFile; fileRef = F4F8D3C5181793DE8A4035E4 /* Pods_ParentingPlanCalendar.framework */; };
/* End PBXBuildFile section */

/* Begin PBXFileReference section */
		2529596B2640BAF60035E5C4 /* ParentingPlanCalendar.app */ = {isa = PBXFileReference; explicitFileType = wrapper.application; includeInIndex = 0; path = ParentingPlanCalendar.app; sourceTree = BUILT_PRODUCTS_DIR; };
		2529596E2640BAF60035E5C4 /* AppDelegate.swift */ = {isa = PBXFileReference; lastKnownFileType = sourcecode.swift; path = AppDelegate.swift; sourceTree = "<group>"; };
		252959702640BAF60035E5C4 /* SceneDelegate.swift */ = {isa = PBXFileReference; lastKnownFileType = sourcecode.swift; path = SceneDelegate.swift; sourceTree = "<group>"; };
		252959722640BAF60035E5C4 /* ViewController.swift */ = {isa = PBXFileReference; lastKnownFileType = sourcecode.swift; path = ViewController.swift; sourceTree = "<group>"; };
		252959752640BAF60035E5C4 /* Base */ = {isa = PBXFileReference; lastKnownFileType = file.storyboard; name = Base; path = Base.lproj/Main.storyboard; sourceTree = "<group>"; };
		252959772640BAF70035E5C4 /* Assets.xcassets */ = {isa = PBXFileReference; lastKnownFileType = folder.assetcatalog; path = Assets.xcassets; sourceTree = "<group>"; };
		2529597A2640BAF70035E5C4 /* Base */ = {isa = PBXFileReference; lastKnownFileType = file.storyboard; name = Base; path = Base.lproj/LaunchScreen.storyboard; sourceTree = "<group>"; };
		2529597C2640BAF70035E5C4 /* Info.plist */ = {isa = PBXFileReference; lastKnownFileType = text.plist.xml; path = Info.plist; sourceTree = "<group>"; };
		2D72BFAF492B3F214406C9EC /* Pods-ParentingPlanCalendar.debug.xcconfig */ = {isa = PBXFileReference; includeInIndex = 1; lastKnownFileType = text.xcconfig; name = "Pods-ParentingPlanCalendar.debug.xcconfig"; path = "Target Support Files/Pods-ParentingPlanCalendar/Pods-ParentingPlanCalendar.debug.xcconfig"; sourceTree = "<group>"; };
		5B8576285C3C158788434D70 /* Pods-ParentingPlanCalendar.release.xcconfig */ = {isa = PBXFileReference; includeInIndex = 1; lastKnownFileType = text.xcconfig; name = "Pods-ParentingPlanCalendar.release.xcconfig"; path = "Target Support Files/Pods-ParentingPlanCalendar/Pods-ParentingPlanCalendar.release.xcconfig"; sourceTree = "<group>"; };
		F4F8D3C5181793DE8A4035E4 /* Pods_ParentingPlanCalendar.framework */ = {isa = PBXFileReference; explicitFileType = wrapper.framework; includeInIndex = 0; path = Pods_ParentingPlanCalendar.framework; sourceTree = BUILT_PRODUCTS_DIR; };
/* End PBXFileReference section */

/* Begin PBXFrameworksBuildPhase section */
		252959682640BAF60035E5C4 /* Frameworks */ = {
			isa = PBXFrameworksBuildPhase;
			buildActionMask = 2147483647;
			files = (
				D7381613DE65D2DED675F306 /* Pods_ParentingPlanCalendar.framework in Frameworks */,
			);
			runOnlyForDeploymentPostprocessing = 0;
		};
/* End PBXFrameworksBuildPhase section */

/* Begin PBXGroup section */
		252959622640BAF60035E5C4 = {
			isa = PBXGroup;
			children = (
				2529596D2640BAF60035E5C4 /* ParentingPlanCalendar */,
				2529596C2640BAF60035E5C4 /* Products */,
				BC4C39A18A03590F9139F639 /* Pods */,
				718072654CF849AB0D0C53B4 /* Frameworks */,
			);
			sourceTree = "<group>";
		};
		2529596C2640BAF60035E5C4 /* Products */ = {
			isa = PBXGroup;
			children = (
				2529596B2640BAF60035E5C4 /* ParentingPlanCalendar.app */,
			);
			name = Products;
			sourceTree = "<group>";
		};
		2529596D2640BAF60035E5C4 /* ParentingPlanCalendar */ = {
			isa = PBXGroup;
			children = (
				2529596E2640BAF60035E5C4 /* AppDelegate.swift */,
				252959702640BAF60035E5C4 /* SceneDelegate.swift */,
				252959862640BD5B0035E5C4 /* Model */,
				252959842640BD4D0035E5C4 /* Controller */,
				252959832640BD400035E5C4 /* View */,
				252959772640BAF70035E5C4 /* Assets.xcassets */,
				252959792640BAF70035E5C4 /* LaunchScreen.storyboard */,
				2529597C2640BAF70035E5C4 /* Info.plist */,
			);
			path = ParentingPlanCalendar;
			sourceTree = "<group>";
		};
		252959832640BD400035E5C4 /* View */ = {
			isa = PBXGroup;
			children = (
				252959742640BAF60035E5C4 /* Main.storyboard */,
			);
			path = View;
			sourceTree = "<group>";
		};
		252959842640BD4D0035E5C4 /* Controller */ = {
			isa = PBXGroup;
			children = (
				252959722640BAF60035E5C4 /* ViewController.swift */,
			);
			path = Controller;
			sourceTree = "<group>";
		};
		252959862640BD5B0035E5C4 /* Model */ = {
			isa = PBXGroup;
			children = (
			);
			path = Model;
			sourceTree = "<group>";
		};
		718072654CF849AB0D0C53B4 /* Frameworks */ = {
			isa = PBXGroup;
			children = (
				F4F8D3C5181793DE8A4035E4 /* Pods_ParentingPlanCalendar.framework */,
			);
			name = Frameworks;
			sourceTree = "<group>";
		};
		BC4C39A18A03590F9139F639 /* Pods */ = {
			isa = PBXGroup;
			children = (
				2D72BFAF492B3F214406C9EC /* Pods-ParentingPlanCalendar.debug.xcconfig */,
				5B8576285C3C158788434D70 /* Pods-ParentingPlanCalendar.release.xcconfig */,
			);
			name = Pods;
			path = Pods;
			sourceTree = "<group>";
		};
/* End PBXGroup section */

/* Begin PBXNativeTarget section */
		2529596A2640BAF60035E5C4 /* ParentingPlanCalendar */ = {
			isa = PBXNativeTarget;
			buildConfigurationList = 2529597F2640BAF70035E5C4 /* Build configuration list for PBXNativeTarget "ParentingPlanCalendar" */;
			buildPhases = (
				59522CBC0F1614683F65ECB1 /* [CP] Check Pods Manifest.lock */,
				252959672640BAF60035E5C4 /* Sources */,
				252959682640BAF60035E5C4 /* Frameworks */,
				252959692640BAF60035E5C4 /* Resources */,
				0E2B715ABF8049227FF20BD0 /* [CP] Embed Pods Frameworks */,
			);
			buildRules = (
			);
			dependencies = (
			);
			name = ParentingPlanCalendar;
			productName = ParentingPlanCalendar;
			productReference = 2529596B2640BAF60035E5C4 /* ParentingPlanCalendar.app */;
			productType = "com.apple.product-type.application";
		};
/* End PBXNativeTarget section */

/* Begin PBXProject section */
		252959632640BAF60035E5C4 /* Project object */ = {
			isa = PBXProject;
			attributes = {
				LastSwiftUpdateCheck = 1240;
				LastUpgradeCheck = 1240;
				TargetAttributes = {
					2529596A2640BAF60035E5C4 = {
						CreatedOnToolsVersion = 12.4;
					};
				};
			};
			buildConfigurationList = 252959662640BAF60035E5C4 /* Build configuration list for PBXProject "ParentingPlanCalendar" */;
			compatibilityVersion = "Xcode 9.3";
			developmentRegion = en;
			hasScannedForEncodings = 0;
			knownRegions = (
				en,
				Base,
			);
			mainGroup = 252959622640BAF60035E5C4;
			productRefGroup = 2529596C2640BAF60035E5C4 /* Products */;
			projectDirPath = "";
			projectRoot = "";
			targets = (
				2529596A2640BAF60035E5C4 /* ParentingPlanCalendar */,
			);
		};
/* End PBXProject section */

/* Begin PBXResourcesBuildPhase section */
		252959692640BAF60035E5C4 /* Resources */ = {
			isa = PBXResourcesBuildPhase;
			buildActionMask = 2147483647;
			files = (
				2529597B2640BAF70035E5C4 /* LaunchScreen.storyboard in Resources */,
				252959782640BAF70035E5C4 /* Assets.xcassets in Resources */,
				252959762640BAF60035E5C4 /* Main.storyboard in Resources */,
			);
			runOnlyForDeploymentPostprocessing = 0;
		};
/* End PBXResourcesBuildPhase section */

/* Begin PBXShellScriptBuildPhase section */
		0E2B715ABF8049227FF20BD0 /* [CP] Embed Pods Frameworks */ = {
			isa = PBXShellScriptBuildPhase;
			buildActionMask = 2147483647;
			files = (
			);
			inputFileListPaths = (
				"${PODS_ROOT}/Target Support Files/Pods-ParentingPlanCalendar/Pods-ParentingPlanCalendar-frameworks-${CONFIGURATION}-input-files.xcfilelist",
			);
			name = "[CP] Embed Pods Frameworks";
			outputFileListPaths = (
				"${PODS_ROOT}/Target Support Files/Pods-ParentingPlanCalendar/Pods-ParentingPlanCalendar-frameworks-${CONFIGURATION}-output-files.xcfilelist",
			);
			runOnlyForDeploymentPostprocessing = 0;
			shellPath = /bin/sh;
			shellScript = "\"${PODS_ROOT}/Target Support Files/Pods-ParentingPlanCalendar/Pods-ParentingPlanCalendar-frameworks.sh\"\n";
			showEnvVarsInLog = 0;
		};
		59522CBC0F1614683F65ECB1 /* [CP] Check Pods Manifest.lock */ = {
			isa = PBXShellScriptBuildPhase;
			buildActionMask = 2147483647;
			files = (
			);
			inputFileListPaths = (
			);
			inputPaths = (
				"${PODS_PODFILE_DIR_PATH}/Podfile.lock",
				"${PODS_ROOT}/Manifest.lock",
			);
			name = "[CP] Check Pods Manifest.lock";
			outputFileListPaths = (
			);
			outputPaths = (
				"$(DERIVED_FILE_DIR)/Pods-ParentingPlanCalendar-checkManifestLockResult.txt",
			);
			runOnlyForDeploymentPostprocessing = 0;
			shellPath = /bin/sh;
			shellScript = "diff \"${PODS_PODFILE_DIR_PATH}/Podfile.lock\" \"${PODS_ROOT}/Manifest.lock\" > /dev/null\nif [ $? != 0 ] ; then\n    # print error to STDERR\n    echo \"error: The sandbox is not in sync with the Podfile.lock. Run 'pod install' or update your CocoaPods installation.\" >&2\n    exit 1\nfi\n# This output is used by Xcode 'outputs' to avoid re-running this script phase.\necho \"SUCCESS\" > \"${SCRIPT_OUTPUT_FILE_0}\"\n";
			showEnvVarsInLog = 0;
		};
/* End PBXShellScriptBuildPhase section */

/* Begin PBXSourcesBuildPhase section */
		252959672640BAF60035E5C4 /* Sources */ = {
			isa = PBXSourcesBuildPhase;
			buildActionMask = 2147483647;
			files = (
				252959732640BAF60035E5C4 /* ViewController.swift in Sources */,
				2529596F2640BAF60035E5C4 /* AppDelegate.swift in Sources */,
				252959712640BAF60035E5C4 /* SceneDelegate.swift in Sources */,
			);
			runOnlyForDeploymentPostprocessing = 0;
		};
/* End PBXSourcesBuildPhase section */

/* Begin PBXVariantGroup section */
		252959742640BAF60035E5C4 /* Main.storyboard */ = {
			isa = PBXVariantGroup;
			children = (
				252959752640BAF60035E5C4 /* Base */,
			);
			name = Main.storyboard;
			sourceTree = "<group>";
		};
		252959792640BAF70035E5C4 /* LaunchScreen.storyboard */ = {
			isa = PBXVariantGroup;
			children = (
				2529597A2640BAF70035E5C4 /* Base */,
			);
			name = LaunchScreen.storyboard;
			sourceTree = "<group>";
		};
/* End PBXVariantGroup section */

/* Begin XCBuildConfiguration section */
		2529597D2640BAF70035E5C4 /* Debug */ = {
			isa = XCBuildConfiguration;
			buildSettings = {
				ALWAYS_SEARCH_USER_PATHS = NO;
				CLANG_ANALYZER_NONNULL = YES;
				CLANG_ANALYZER_NUMBER_OBJECT_CONVERSION = YES_AGGRESSIVE;
				CLANG_CXX_LANGUAGE_STANDARD = "gnu++14";
				CLANG_CXX_LIBRARY = "libc++";
				CLANG_ENABLE_MODULES = YES;
				CLANG_ENABLE_OBJC_ARC = YES;
				CLANG_ENABLE_OBJC_WEAK = YES;
				CLANG_WARN_BLOCK_CAPTURE_AUTORELEASING = YES;
				CLANG_WARN_BOOL_CONVERSION = YES;
				CLANG_WARN_COMMA = YES;
				CLANG_WARN_CONSTANT_CONVERSION = YES;
				CLANG_WARN_DEPRECATED_OBJC_IMPLEMENTATIONS = YES;
				CLANG_WARN_DIRECT_OBJC_ISA_USAGE = YES_ERROR;
				CLANG_WARN_DOCUMENTATION_COMMENTS = YES;
				CLANG_WARN_EMPTY_BODY = YES;
				CLANG_WARN_ENUM_CONVERSION = YES;
				CLANG_WARN_INFINITE_RECURSION = YES;
				CLANG_WARN_INT_CONVERSION = YES;
				CLANG_WARN_NON_LITERAL_NULL_CONVERSION = YES;
				CLANG_WARN_OBJC_IMPLICIT_RETAIN_SELF = YES;
				CLANG_WARN_OBJC_LITERAL_CONVERSION = YES;
				CLANG_WARN_OBJC_ROOT_CLASS = YES_ERROR;
				CLANG_WARN_QUOTED_INCLUDE_IN_FRAMEWORK_HEADER = YES;
				CLANG_WARN_RANGE_LOOP_ANALYSIS = YES;
				CLANG_WARN_STRICT_PROTOTYPES = YES;
				CLANG_WARN_SUSPICIOUS_MOVE = YES;
				CLANG_WARN_UNGUARDED_AVAILABILITY = YES_AGGRESSIVE;
				CLANG_WARN_UNREACHABLE_CODE = YES;
				CLANG_WARN__DUPLICATE_METHOD_MATCH = YES;
				COPY_PHASE_STRIP = NO;
				DEBUG_INFORMATION_FORMAT = dwarf;
				ENABLE_STRICT_OBJC_MSGSEND = YES;
				ENABLE_TESTABILITY = YES;
				GCC_C_LANGUAGE_STANDARD = gnu11;
				GCC_DYNAMIC_NO_PIC = NO;
				GCC_NO_COMMON_BLOCKS = YES;
				GCC_OPTIMIZATION_LEVEL = 0;
				GCC_PREPROCESSOR_DEFINITIONS = (
					"DEBUG=1",
					"$(inherited)",
				);
				GCC_WARN_64_TO_32_BIT_CONVERSION = YES;
				GCC_WARN_ABOUT_RETURN_TYPE = YES_ERROR;
				GCC_WARN_UNDECLARED_SELECTOR = YES;
				GCC_WARN_UNINITIALIZED_AUTOS = YES_AGGRESSIVE;
				GCC_WARN_UNUSED_FUNCTION = YES;
				GCC_WARN_UNUSED_VARIABLE = YES;
				IPHONEOS_DEPLOYMENT_TARGET = 14.4;
				MTL_ENABLE_DEBUG_INFO = INCLUDE_SOURCE;
				MTL_FAST_MATH = YES;
				ONLY_ACTIVE_ARCH = YES;
				SDKROOT = iphoneos;
				SWIFT_ACTIVE_COMPILATION_CONDITIONS = DEBUG;
				SWIFT_OPTIMIZATION_LEVEL = "-Onone";
			};
			name = Debug;
		};
		2529597E2640BAF70035E5C4 /* Release */ = {
			isa = XCBuildConfiguration;
			buildSettings = {
				ALWAYS_SEARCH_USER_PATHS = NO;
				CLANG_ANALYZER_NONNULL = YES;
				CLANG_ANALYZER_NUMBER_OBJECT_CONVERSION = YES_AGGRESSIVE;
				CLANG_CXX_LANGUAGE_STANDARD = "gnu++14";
				CLANG_CXX_LIBRARY = "libc++";
				CLANG_ENABLE_MODULES = YES;
				CLANG_ENABLE_OBJC_ARC = YES;
				CLANG_ENABLE_OBJC_WEAK = YES;
				CLANG_WARN_BLOCK_CAPTURE_AUTORELEASING = YES;
				CLANG_WARN_BOOL_CONVERSION = YES;
				CLANG_WARN_COMMA = YES;
				CLANG_WARN_CONSTANT_CONVERSION = YES;
				CLANG_WARN_DEPRECATED_OBJC_IMPLEMENTATIONS = YES;
				CLANG_WARN_DIRECT_OBJC_ISA_USAGE = YES_ERROR;
				CLANG_WARN_DOCUMENTATION_COMMENTS = YES;
				CLANG_WARN_EMPTY_BODY = YES;
				CLANG_WARN_ENUM_CONVERSION = YES;
				CLANG_WARN_INFINITE_RECURSION = YES;
				CLANG_WARN_INT_CONVERSION = YES;
				CLANG_WARN_NON_LITERAL_NULL_CONVERSION = YES;
				CLANG_WARN_OBJC_IMPLICIT_RETAIN_SELF = YES;
				CLANG_WARN_OBJC_LITERAL_CONVERSION = YES;
				CLANG_WARN_OBJC_ROOT_CLASS = YES_ERROR;
				CLANG_WARN_QUOTED_INCLUDE_IN_FRAMEWORK_HEADER = YES;
				CLANG_WARN_RANGE_LOOP_ANALYSIS = YES;
				CLANG_WARN_STRICT_PROTOTYPES = YES;
				CLANG_WARN_SUSPICIOUS_MOVE = YES;
				CLANG_WARN_UNGUARDED_AVAILABILITY = YES_AGGRESSIVE;
				CLANG_WARN_UNREACHABLE_CODE = YES;
				CLANG_WARN__DUPLICATE_METHOD_MATCH = YES;
				COPY_PHASE_STRIP = NO;
				DEBUG_INFORMATION_FORMAT = "dwarf-with-dsym";
				ENABLE_NS_ASSERTIONS = NO;
				ENABLE_STRICT_OBJC_MSGSEND = YES;
				GCC_C_LANGUAGE_STANDARD = gnu11;
				GCC_NO_COMMON_BLOCKS = YES;
				GCC_WARN_64_TO_32_BIT_CONVERSION = YES;
				GCC_WARN_ABOUT_RETURN_TYPE = YES_ERROR;
				GCC_WARN_UNDECLARED_SELECTOR = YES;
				GCC_WARN_UNINITIALIZED_AUTOS = YES_AGGRESSIVE;
				GCC_WARN_UNUSED_FUNCTION = YES;
				GCC_WARN_UNUSED_VARIABLE = YES;
				IPHONEOS_DEPLOYMENT_TARGET = 14.4;
				MTL_ENABLE_DEBUG_INFO = NO;
				MTL_FAST_MATH = YES;
				SDKROOT = iphoneos;
				SWIFT_COMPILATION_MODE = wholemodule;
				SWIFT_OPTIMIZATION_LEVEL = "-O";
				VALIDATE_PRODUCT = YES;
			};
			name = Release;
		};
		252959802640BAF70035E5C4 /* Debug */ = {
			isa = XCBuildConfiguration;
			baseConfigurationReference = 2D72BFAF492B3F214406C9EC /* Pods-ParentingPlanCalendar.debug.xcconfig */;
			buildSettings = {
				ASSETCATALOG_COMPILER_APPICON_NAME = AppIcon;
				ASSETCATALOG_COMPILER_GLOBAL_ACCENT_COLOR_NAME = AccentColor;
				CODE_SIGN_STYLE = Automatic;
				DEVELOPMENT_TEAM = 4RVDGMAVH9;
				INFOPLIST_FILE = ParentingPlanCalendar/Info.plist;
				LD_RUNPATH_SEARCH_PATHS = (
					"$(inherited)",
					"@executable_path/Frameworks",
				);
				PRODUCT_BUNDLE_IDENTIFIER = com.michaeleinman.ParentingPlanCalendar;
				PRODUCT_NAME = "$(TARGET_NAME)";
				SWIFT_VERSION = 5.0;
				TARGETED_DEVICE_FAMILY = "1,2";
			};
			name = Debug;
		};
		252959812640BAF70035E5C4 /* Release */ = {
			isa = XCBuildConfiguration;
			baseConfigurationReference = 5B8576285C3C158788434D70 /* Pods-ParentingPlanCalendar.release.xcconfig */;
			buildSettings = {
				ASSETCATALOG_COMPILER_APPICON_NAME = AppIcon;
				ASSETCATALOG_COMPILER_GLOBAL_ACCENT_COLOR_NAME = AccentColor;
				CODE_SIGN_STYLE = Automatic;
				DEVELOPMENT_TEAM = 4RVDGMAVH9;
				INFOPLIST_FILE = ParentingPlanCalendar/Info.plist;
				LD_RUNPATH_SEARCH_PATHS = (
					"$(inherited)",
					"@executable_path/Frameworks",
				);
				PRODUCT_BUNDLE_IDENTIFIER = com.michaeleinman.ParentingPlanCalendar;
				PRODUCT_NAME = "$(TARGET_NAME)";
				SWIFT_VERSION = 5.0;
				TARGETED_DEVICE_FAMILY = "1,2";
			};
			name = Release;
		};
/* End XCBuildConfiguration section */

/* Begin XCConfigurationList section */
		252959662640BAF60035E5C4 /* Build configuration list for PBXProject "ParentingPlanCalendar" */ = {
			isa = XCConfigurationList;
			buildConfigurations = (
				2529597D2640BAF70035E5C4 /* Debug */,
				2529597E2640BAF70035E5C4 /* Release */,
			);
			defaultConfigurationIsVisible = 0;
			defaultConfigurationName = Release;
		};
		2529597F2640BAF70035E5C4 /* Build configuration list for PBXNativeTarget "ParentingPlanCalendar" */ = {
			isa = XCConfigurationList;
			buildConfigurations = (
				252959802640BAF70035E5C4 /* Debug */,
				252959812640BAF70035E5C4 /* Release */,
			);
			defaultConfigurationIsVisible = 0;
			defaultConfigurationName = Release;
		};
/* End XCConfigurationList section */
	};
	rootObject = 252959632640BAF60035E5C4 /* Project object */;
}
